
Microsoft Visual Studio Solution File, Format Version 12.00
# Visual Studio Version 17
VisualStudioVersion = 17.4.33213.308
MinimumVisualStudioVersion = 10.0.40219.1
Project("{FAE04EC0-301F-11D3-BF4B-00C04F79EFBC}") = "Ms.Paciente.Api", "Ms.Paciente.Api\Ms.Paciente.Api.csproj", "{3E5D0CFB-C4E0-484B-8213-E6347348AE02}"
EndProject
Global
	GlobalSection(SolutionConfigurationPlatforms) = preSolution
		Debug|Any CPU = Debug|Any CPU
		Release|Any CPU = Release|Any CPU
	EndGlobalSection
	GlobalSection(ProjectConfigurationPlatforms) = postSolution
		{3E5D0CFB-C4E0-484B-8213-E6347348AE02}.Debug|Any CPU.ActiveCfg = Debug|Any CPU
		{3E5D0CFB-C4E0-484B-8213-E6347348AE02}.Debug|Any CPU.Build.0 = Debug|Any CPU
		{3E5D0CFB-C4E0-484B-8213-E6347348AE02}.Release|Any CPU.ActiveCfg = Release|Any CPU
		{3E5D0CFB-C4E0-484B-8213-E6347348AE02}.Release|Any CPU.Build.0 = Release|Any CPU
	EndGlobalSection
	GlobalSection(SolutionProperties) = preSolution
		HideSolutionNode = FALSE
	EndGlobalSection
	GlobalSection(ExtensibilityGlobals) = postSolution
		SolutionGuid = {3BEABA50-C927-4F3E-83F4-7641E4C553F0}
	EndGlobalSection
EndGlobal
